
Microsoft Visual Studio Solution File, Format Version 12.00
# Visual Studio Version 16
VisualStudioVersion = 16.0.31702.278
MinimumVisualStudioVersion = 10.0.40219.1
Project("{FAE04EC0-301F-11D3-BF4B-00C04F79EFBC}") = "SCP_Data_Base", "SCP_Data_Base\SCP_Data_Base.csproj", "{45C980F3-464D-4A84-A275-9E98C3CBD4ED}"
EndProject
Global
	GlobalSection(SolutionConfigurationPlatforms) = preSolution
		Debug|Any CPU = Debug|Any CPU
		Release|Any CPU = Release|Any CPU
	EndGlobalSection
	GlobalSection(ProjectConfigurationPlatforms) = postSolution
		{45C980F3-464D-4A84-A275-9E98C3CBD4ED}.Debug|Any CPU.ActiveCfg = Debug|Any CPU
		{45C980F3-464D-4A84-A275-9E98C3CBD4ED}.Debug|Any CPU.Build.0 = Debug|Any CPU
		{45C980F3-464D-4A84-A275-9E98C3CBD4ED}.Release|Any CPU.ActiveCfg = Release|Any CPU
		{45C980F3-464D-4A84-A275-9E98C3CBD4ED}.Release|Any CPU.Build.0 = Release|Any CPU
	EndGlobalSection
	GlobalSection(SolutionProperties) = preSolution
		HideSolutionNode = FALSE
	EndGlobalSection
	GlobalSection(ExtensibilityGlobals) = postSolution
		SolutionGuid = {70F080FA-5201-46EB-A8CB-5EA567189998}
	EndGlobalSection
EndGlobal
